# THIS IS AN AUTOGENERATED FILE. DO NOT EDIT THIS FILE DIRECTLY.
# yarn lockfile v1


"@xstate/inspect@^0.5.0":
  version "0.5.0"
  resolved "https://artifactory.global.square/artifactory/api/npm/square-npm/@xstate/inspect/-/inspect-0.5.0.tgz#212a874bdb2f72dc846bb1341502ca85d05cb531"
  integrity sha1-ISqHS9svctyEa7E0FQLKhdBctTE=
  dependencies:
    fast-safe-stringify "^2.0.7"

fast-safe-stringify@^2.0.7:
  version "2.1.1"
  resolved "https://artifactory.global.square/artifactory/api/npm/square-npm/fast-safe-stringify/-/fast-safe-stringify-2.1.1.tgz#c406a83b6e70d9e35ce3b30a81141df30aeba884"
  integrity sha1-xAaoO25w2eNc47MKgRQd8wrrqIQ=

react-native-flipper@^0.110.0:
  version "0.110.0"
  resolved "https://artifactory.global.square/artifactory/api/npm/square-npm/react-native-flipper/-/react-native-flipper-0.110.0.tgz#d32975d1d2df3f55f234222a7f53b4d9ea70e450"
  integrity sha1-0yl10dLfP1XyNCIqf1O02epw5FA=

typescript@^4.4.3:
  version "4.4.3"
  resolved "https://artifactory.global.square/artifactory/api/npm/square-npm/typescript/-/typescript-4.4.3.tgz#bdc5407caa2b109efd4f82fe130656f977a29324"
  integrity sha1-vcVAfKorEJ79T4L+EwZW+XeikyQ=

xstate@^4.25.0:
  version "4.25.0"
  resolved "https://artifactory.global.square/artifactory/api/npm/square-npm/xstate/-/xstate-4.25.0.tgz#d902ef33137532043f7a88597af8e5e1c7ad6bdf"
  integrity sha1-2QLvMxN1MgQ/eohZevjl4ceta98=
